# This file is automatically @generated by Poetry 2.1.3 and should not be changed by hand.

[[package]]
name = "av"
version = "15.0.0"
description = "Pythonic bindings for FFmpeg's libraries."
optional = false
python-versions = ">=3.9"
groups = ["main"]
files = [
    {file = "av-15.0.0-cp310-cp310-macosx_13_0_arm64.whl", hash = "sha256:f20c7565ad9aed8a5e3ca7ed30b151d4d8a937e072b6a4901c3200134fe7c68b"},
    {file = "av-15.0.0-cp310-cp310-macosx_13_0_x86_64.whl", hash = "sha256:0d8b78a88f0fdaf6591bca32b41301e40ba60be294b0698318948c4d1fa6f206"},
    {file = "av-15.0.0-cp310-cp310-manylinux2014_i686.manylinux_2_17_i686.whl", hash = "sha256:5d14f6cea6c4966d5478a50555fa92af4948f83e7843b63b747d4a451c53d4f1"},
    {file = "av-15.0.0-cp310-cp310-manylinux_2_28_aarch64.whl", hash = "sha256:09f516947890dcf27482af2f0f7b31a579dbd11d5566dd74ce5f1f6396c452b7"},
    {file = "av-15.0.0-cp310-cp310-manylinux_2_28_x86_64.whl", hash = "sha256:908e2fb4358210a463f81e2dbfac77d5977cc53a400fea3f6decef6f9f9267e4"},
    {file = "av-15.0.0-cp310-cp310-musllinux_1_2_aarch64.whl", hash = "sha256:911fe092b1c75c35d3e9d836b750ff725599a343b6126449cb2c1b4aa8ac2792"},
    {file = "av-15.0.0-cp310-cp310-musllinux_1_2_i686.whl", hash = "sha256:25743a08b674596f3b993392259a4953a445b4211796d168c992174c983b76f0"},
    {file = "av-15.0.0-cp310-cp310-musllinux_1_2_x86_64.whl", hash = "sha256:2ecd5df62b9697a9304a084fbfed13fa890ec9ba2f647aaed35dca291991c7b1"},
    {file = "av-15.0.0-cp310-cp310-win_amd64.whl", hash = "sha256:7156d1b326e328aaba7f10a0d89bec53d087aba16f4c5c7ae13890b9eefde972"},
    {file = "av-15.0.0-cp311-cp311-macosx_13_0_arm64.whl", hash = "sha256:eb19386466aafbac4ede549ed7dc6198714e8d35ecc238d5b5c0d91e770d53d4"},
    {file = "av-15.0.0-cp311-cp311-macosx_13_0_x86_64.whl", hash = "sha256:e3c841befff26823524f3260d29fb3162540535c43238587b24226d345c82af3"},
    {file = "av-15.0.0-cp311-cp311-manylinux2014_i686.manylinux_2_17_i686.whl", hash = "sha256:fe50ddab68af27bb9f7123dac5b1ff43ee8c7d941499c625018f3cac7da01ff3"},
    {file = "av-15.0.0-cp311-cp311-manylinux_2_28_aarch64.whl", hash = "sha256:5877f9dacf04bba9e966e0feb707e0fc2955476dc50cc6de5707604f51440e1b"},
    {file = "av-15.0.0-cp311-cp311-manylinux_2_28_x86_64.whl", hash = "sha256:e2a5f0d1817ab73370fdb35e2e2ecd4c2e5a45d43b8d96d5ae8dfe86098fb9b3"},
    {file = "av-15.0.0-cp311-cp311-musllinux_1_2_aarch64.whl", hash = "sha256:710ad0307da524be553db123c0681edadb5cefc15baa49cf25217364fb7a80b5"},
    {file = "av-15.0.0-cp311-cp311-musllinux_1_2_i686.whl", hash = "sha256:d275d3015ab13aadc7bf38df3b2398ad992e30b1685cd350fd46c71913e98af4"},
    {file = "av-15.0.0-cp311-cp311-musllinux_1_2_x86_64.whl", hash = "sha256:5b300f824a7ca1854ca29a37265281fa07d3dd0f69a6d2ff55d4c54ee3d734e2"},
    {file = "av-15.0.0-cp311-cp311-win_amd64.whl", hash = "sha256:cb7a85b4fe853a9c2725cdf02f457221fcc24f0391c8333b25a3a889e16ff26d"},
    {file = "av-15.0.0-cp312-cp312-macosx_13_0_arm64.whl", hash = "sha256:84e2ede9459e64e768f4bc56d9df65da9e94b704ee3eccfe2e5b1da1da754313"},
    {file = "av-15.0.0-cp312-cp312-macosx_13_0_x86_64.whl", hash = "sha256:9473ed92d6942c5a449a2c79d49f3425eb0272499d1a3559b32c1181ff736a08"},
    {file = "av-15.0.0-cp312-cp312-manylinux2014_i686.manylinux_2_17_i686.whl", hash = "sha256:56a53fe4e09bebd99355eaa0ce221b681eaf205bdda114f5e17fb79f3c3746ad"},
    {file = "av-15.0.0-cp312-cp312-manylinux_2_28_aarch64.whl", hash = "sha256:247dd9a99d7ed3577b8c1e9977e811f423b04504ff36c9dcd7a4de3e6e5fe5ad"},
    {file = "av-15.0.0-cp312-cp312-manylinux_2_28_x86_64.whl", hash = "sha256:fc50a7d5f60109221ccf44f8fa4c56ce73f22948b7f19b1717fcc58f7fbc383e"},
    {file = "av-15.0.0-cp312-cp312-musllinux_1_2_aarch64.whl", hash = "sha256:77deaec8943abfebd4e262924f2f452d6594cf0bc67d8d98aac0462b476e4182"},
    {file = "av-15.0.0-cp312-cp312-musllinux_1_2_i686.whl", hash = "sha256:601d9b0740e47a17ec96ba2a537ebfd4d6edc859ae6f298475c06caa51f0a019"},
    {file = "av-15.0.0-cp312-cp312-musllinux_1_2_x86_64.whl", hash = "sha256:e021f67e0db7256c9f5d3d6a2a4237a4a4a804b131b33e7f2778981070519b20"},
    {file = "av-15.0.0-cp312-cp312-win_amd64.whl", hash = "sha256:383f1b57520d790069d85fc75f43cfa32fca07f5fb3fb842be37bd596638602c"},
    {file = "av-15.0.0-cp313-cp313-macosx_13_0_arm64.whl", hash = "sha256:0701c116f32bd9478023f610722f6371d15ca0c068ff228d355f54a7cf23d9cb"},
    {file = "av-15.0.0-cp313-cp313-macosx_13_0_x86_64.whl", hash = "sha256:57fb6232494ec575b8e78e5a9ef9b811d78f8d67324476ec8430ca3146751124"},
    {file = "av-15.0.0-cp313-cp313-manylinux2014_i686.manylinux_2_17_i686.whl", hash = "sha256:801a3e0afd5c36df70d012d083bfca67ab22d0ebd2c860c0d9432ac875bc0ad6"},
    {file = "av-15.0.0-cp313-cp313-manylinux_2_28_aarch64.whl", hash = "sha256:d5e97791b96741b344bf6dbea4fb14481c117b1f7fe8113721e8d80e26cbb388"},
    {file = "av-15.0.0-cp313-cp313-manylinux_2_28_x86_64.whl", hash = "sha256:acb4e4aa6bb394d3a9e60feb4cb7a856fc7bac01f3c99019b1d0f11c898c682c"},
    {file = "av-15.0.0-cp313-cp313-musllinux_1_2_aarch64.whl", hash = "sha256:02d2d80bdbe184f1f3f49b3f5eae7f0ff7cba0a62ab3b18be0505715e586ad29"},
    {file = "av-15.0.0-cp313-cp313-musllinux_1_2_i686.whl", hash = "sha256:603f3ae751f6678df5d8b949f92c6f8257064bba8b3e8db606a24c29d31b4e25"},
    {file = "av-15.0.0-cp313-cp313-musllinux_1_2_x86_64.whl", hash = "sha256:682686a9ea2745e63c8878641ec26b1787b9210533f3e945a6e07e24ab788c2e"},
    {file = "av-15.0.0-cp313-cp313-win_amd64.whl", hash = "sha256:5758231163b5486dfbf664036be010b7f5ebb24564aaeb62577464be5ea996e0"},
    {file = "av-15.0.0-cp39-cp39-macosx_13_0_arm64.whl", hash = "sha256:4a110aecebd7daef08f8be68ac9d6540f716a492f1994886a65eab9d19de39e2"},
    {file = "av-15.0.0-cp39-cp39-macosx_13_0_x86_64.whl", hash = "sha256:5bcf99da2b1c67ed6b6a0d070cc218eccf05698fc960db9b8f42d36779714294"},
    {file = "av-15.0.0-cp39-cp39-manylinux2014_i686.manylinux_2_17_i686.whl", hash = "sha256:f483c1dcefe1bb9b96bc5813b57acf03d13c717aea477088e26119392c53aa81"},
    {file = "av-15.0.0-cp39-cp39-manylinux_2_28_aarch64.whl", hash = "sha256:ad7faa2b906954fd75fa9d3b52c81cdf9a1b202df305de34456a2a1d4aee625f"},
    {file = "av-15.0.0-cp39-cp39-manylinux_2_28_x86_64.whl", hash = "sha256:e1a8d63fa3af2136c70e330a9845a4a2314d936c8a487760598ed7692024cc93"},
    {file = "av-15.0.0-cp39-cp39-musllinux_1_2_aarch64.whl", hash = "sha256:5abc363915c0bb4d5973e41095881ce7dd715fc921e8366732a6b1a2e91f928a"},
    {file = "av-15.0.0-cp39-cp39-musllinux_1_2_i686.whl", hash = "sha256:679720aba7540a974a7911a20cce5d0fd2c32a8ae3f7371283b9361140b8d0bb"},
    {file = "av-15.0.0-cp39-cp39-musllinux_1_2_x86_64.whl", hash = "sha256:886a73abb874d8f1813d750714ea271ecc6c1e1b489e4d8381cdd4e1ab3fced2"},
    {file = "av-15.0.0-cp39-cp39-win_amd64.whl", hash = "sha256:224087661cc20f0de052f05c2a47ff35eccd00702f8c8a4260fe5d469c6d591d"},
    {file = "av-15.0.0.tar.gz", hash = "sha256:871c1a9becddf00b60b1294dc0bff9ff193ac31286aeec1a34039bd27e650183"},
]

[[package]]
name = "decord"
version = "0.6.0"
description = "Decord Video Loader"
optional = false
python-versions = "*"
groups = ["main"]
files = [
    {file = "decord-0.6.0-cp36-cp36m-macosx_10_15_x86_64.whl", hash = "sha256:85ef90d2f872384657d7774cc486c237c5b12df62d4ac5cb5c8d6001fa611323"},
    {file = "decord-0.6.0-cp37-cp37m-macosx_10_15_x86_64.whl", hash = "sha256:9c20674964fb1490c677bd911d2023d2a09fec7a58a4bb0b7ddf1ccc269f107a"},
    {file = "decord-0.6.0-cp38-cp38-macosx_10_15_x86_64.whl", hash = "sha256:a0eb1258beade34dceb29d97856a7764d179db1b5182899b61874f3418a1abc8"},
    {file = "decord-0.6.0-py3-none-manylinux2010_x86_64.whl", hash = "sha256:51997f20be8958e23b7c4061ba45d0efcd86bffd5fe81c695d0befee0d442976"},
    {file = "decord-0.6.0-py3-none-win_amd64.whl", hash = "sha256:02665d7c4f1193a330205a791bc128f7e108eb6ae5b67144437a02f700943bad"},
]

[package.dependencies]
numpy = ">=1.14.0"

[[package]]
name = "numpy"
version = "2.2.6"
description = "Fundamental package for array computing in Python"
optional = false
python-versions = ">=3.10"
groups = ["main"]
files = [
    {file = "numpy-2.2.6-cp310-cp310-macosx_10_9_x86_64.whl", hash = "sha256:b412caa66f72040e6d268491a59f2c43bf03eb6c96dd8f0307829feb7fa2b6fb"},
    {file = "numpy-2.2.6-cp310-cp310-macosx_11_0_arm64.whl", hash = "sha256:8e41fd67c52b86603a91c1a505ebaef50b3314de0213461c7a6e99c9a3beff90"},
    {file = "numpy-2.2.6-cp310-cp310-macosx_14_0_arm64.whl", hash = "sha256:37e990a01ae6ec7fe7fa1c26c55ecb672dd98b19c3d0e1d1f326fa13cb38d163"},
    {file = "numpy-2.2.6-cp310-cp310-macosx_14_0_x86_64.whl", hash = "sha256:5a6429d4be8ca66d889b7cf70f536a397dc45ba6faeb5f8c5427935d9592e9cf"},
    {file = "numpy-2.2.6-cp310-cp310-manylinux_2_17_aarch64.manylinux2014_aarch64.whl", hash = "sha256:efd28d4e9cd7d7a8d39074a4d44c63eda73401580c5c76acda2ce969e0a38e83"},
    {file = "numpy-2.2.6-cp310-cp310-manylinux_2_17_x86_64.manylinux2014_x86_64.whl", hash = "sha256:fc7b73d02efb0e18c000e9ad8b83480dfcd5dfd11065997ed4c6747470ae8915"},
    {file = "numpy-2.2.6-cp310-cp310-musllinux_1_2_aarch64.whl", hash = "sha256:74d4531beb257d2c3f4b261bfb0fc09e0f9ebb8842d82a7b4209415896adc680"},
    {file = "numpy-2.2.6-cp310-cp310-musllinux_1_2_x86_64.whl", hash = "sha256:8fc377d995680230e83241d8a96def29f204b5782f371c532579b4f20607a289"},
    {file = "numpy-2.2.6-cp310-cp310-win32.whl", hash = "sha256:b093dd74e50a8cba3e873868d9e93a85b78e0daf2e98c6797566ad8044e8363d"},
    {file = "numpy-2.2.6-cp310-cp310-win_amd64.whl", hash = "sha256:f0fd6321b839904e15c46e0d257fdd101dd7f530fe03fd6359c1ea63738703f3"},
    {file = "numpy-2.2.6-cp311-cp311-macosx_10_9_x86_64.whl", hash = "sha256:f9f1adb22318e121c5c69a09142811a201ef17ab257a1e66ca3025065b7f53ae"},
    {file = "numpy-2.2.6-cp311-cp311-macosx_11_0_arm64.whl", hash = "sha256:c820a93b0255bc360f53eca31a0e676fd1101f673dda8da93454a12e23fc5f7a"},
    {file = "numpy-2.2.6-cp311-cp311-macosx_14_0_arm64.whl", hash = "sha256:3d70692235e759f260c3d837193090014aebdf026dfd167834bcba43e30c2a42"},
    {file = "numpy-2.2.6-cp311-cp311-macosx_14_0_x86_64.whl", hash = "sha256:481b49095335f8eed42e39e8041327c05b0f6f4780488f61286ed3c01368d491"},
    {file = "numpy-2.2.6-cp311-cp311-manylinux_2_17_aarch64.manylinux2014_aarch64.whl", hash = "sha256:b64d8d4d17135e00c8e346e0a738deb17e754230d7e0810ac5012750bbd85a5a"},
    {file = "numpy-2.2.6-cp311-cp311-manylinux_2_17_x86_64.manylinux2014_x86_64.whl", hash = "sha256:ba10f8411898fc418a521833e014a77d3ca01c15b0c6cdcce6a0d2897e6dbbdf"},
    {file = "numpy-2.2.6-cp311-cp311-musllinux_1_2_aarch64.whl", hash = "sha256:bd48227a919f1bafbdda0583705e547892342c26fb127219d60a5c36882609d1"},
    {file = "numpy-2.2.6-cp311-cp311-musllinux_1_2_x86_64.whl", hash = "sha256:9551a499bf125c1d4f9e250377c1ee2eddd02e01eac6644c080162c0c51778ab"},
    {file = "numpy-2.2.6-cp311-cp311-win32.whl", hash = "sha256:0678000bb9ac1475cd454c6b8c799206af8107e310843532b04d49649c717a47"},
    {file = "numpy-2.2.6-cp311-cp311-win_amd64.whl", hash = "sha256:e8213002e427c69c45a52bbd94163084025f533a55a59d6f9c5b820774ef3303"},
    {file = "numpy-2.2.6-cp312-cp312-macosx_10_13_x86_64.whl", hash = "sha256:41c5a21f4a04fa86436124d388f6ed60a9343a6f767fced1a8a71c3fbca038ff"},
    {file = "numpy-2.2.6-cp312-cp312-macosx_11_0_arm64.whl", hash = "sha256:de749064336d37e340f640b05f24e9e3dd678c57318c7289d222a8a2f543e90c"},
    {file = "numpy-2.2.6-cp312-cp312-macosx_14_0_arm64.whl", hash = "sha256:894b3a42502226a1cac872f840030665f33326fc3dac8e57c607905773cdcde3"},
    {file = "numpy-2.2.6-cp312-cp312-macosx_14_0_x86_64.whl", hash = "sha256:71594f7c51a18e728451bb50cc60a3ce4e6538822731b2933209a1f3614e9282"},
    {file = "numpy-2.2.6-cp312-cp312-manylinux_2_17_aarch64.manylinux2014_aarch64.whl", hash = "sha256:f2618db89be1b4e05f7a1a847a9c1c0abd63e63a1607d892dd54668dd92faf87"},
    {file = "numpy-2.2.6-cp312-cp312-manylinux_2_17_x86_64.manylinux2014_x86_64.whl", hash = "sha256:fd83c01228a688733f1ded5201c678f0c53ecc1006ffbc404db9f7a899ac6249"},
    {file = "numpy-2.2.6-cp312-cp312-musllinux_1_2_aarch64.whl", hash = "sha256:37c0ca431f82cd5fa716eca9506aefcabc247fb27ba69c5062a6d3ade8cf8f49"},
    {file = "numpy-2.2.6-cp312-cp312-musllinux_1_2_x86_64.whl", hash = "sha256:fe27749d33bb772c80dcd84ae7e8df2adc920ae8297400dabec45f0dedb3f6de"},
    {file = "numpy-2.2.6-cp312-cp312-win32.whl", hash = "sha256:4eeaae00d789f66c7a25ac5f34b71a7035bb474e679f410e5e1a94deb24cf2d4"},
    {file = "numpy-2.2.6-cp312-cp312-win_amd64.whl", hash = "sha256:c1f9540be57940698ed329904db803cf7a402f3fc200bfe599334c9bd84a40b2"},
    {file = "numpy-2.2.6-cp313-cp313-macosx_10_13_x86_64.whl", hash = "sha256:0811bb762109d9708cca4d0b13c4f67146e3c3b7cf8d34018c722adb2d957c84"},
    {file = "numpy-2.2.6-cp313-cp313-macosx_11_0_arm64.whl", hash = "sha256:287cc3162b6f01463ccd86be154f284d0893d2b3ed7292439ea97eafa8170e0b"},
    {file = "numpy-2.2.6-cp313-cp313-macosx_14_0_arm64.whl", hash = "sha256:f1372f041402e37e5e633e586f62aa53de2eac8d98cbfb822806ce4bbefcb74d"},
    {file = "numpy-2.2.6-cp313-cp313-macosx_14_0_x86_64.whl", hash = "sha256:55a4d33fa519660d69614a9fad433be87e5252f4b03850642f88993f7b2ca566"},
    {file = "numpy-2.2.6-cp313-cp313-manylinux_2_17_aarch64.manylinux2014_aarch64.whl", hash = "sha256:f92729c95468a2f4f15e9bb94c432a9229d0d50de67304399627a943201baa2f"},
    {file = "numpy-2.2.6-cp313-cp313-manylinux_2_17_x86_64.manylinux2014_x86_64.whl", hash = "sha256:1bc23a79bfabc5d056d106f9befb8d50c31ced2fbc70eedb8155aec74a45798f"},
    {file = "numpy-2.2.6-cp313-cp313-musllinux_1_2_aarch64.whl", hash = "sha256:e3143e4451880bed956e706a3220b4e5cf6172ef05fcc397f6f36a550b1dd868"},
    {file = "numpy-2.2.6-cp313-cp313-musllinux_1_2_x86_64.whl", hash = "sha256:b4f13750ce79751586ae2eb824ba7e1e8dba64784086c98cdbbcc6a42112ce0d"},
    {file = "numpy-2.2.6-cp313-cp313-win32.whl", hash = "sha256:5beb72339d9d4fa36522fc63802f469b13cdbe4fdab4a288f0c441b74272ebfd"},
    {file = "numpy-2.2.6-cp313-cp313-win_amd64.whl", hash = "sha256:b0544343a702fa80c95ad5d3d608ea3599dd54d4632df855e4c8d24eb6ecfa1c"},
    {file = "numpy-2.2.6-cp313-cp313t-macosx_10_13_x86_64.whl", hash = "sha256:0bca768cd85ae743b2affdc762d617eddf3bcf8724435498a1e80132d04879e6"},
    {file = "numpy-2.2.6-cp313-cp313t-macosx_11_0_arm64.whl", hash = "sha256:fc0c5673685c508a142ca65209b4e79ed6740a4ed6b2267dbba90f34b0b3cfda"},
    {file = "numpy-2.2.6-cp313-cp313t-macosx_14_0_arm64.whl", hash = "sha256:5bd4fc3ac8926b3819797a7c0e2631eb889b4118a9898c84f585a54d475b7e40"},
    {file = "numpy-2.2.6-cp313-cp313t-macosx_14_0_x86_64.whl", hash = "sha256:fee4236c876c4e8369388054d02d0e9bb84821feb1a64dd59e137e6511a551f8"},
    {file = "numpy-2.2.6-cp313-cp313t-manylinux_2_17_aarch64.manylinux2014_aarch64.whl", hash = "sha256:e1dda9c7e08dc141e0247a5b8f49cf05984955246a327d4c48bda16821947b2f"},
    {file = "numpy-2.2.6-cp313-cp313t-manylinux_2_17_x86_64.manylinux2014_x86_64.whl", hash = "sha256:f447e6acb680fd307f40d3da4852208af94afdfab89cf850986c3ca00562f4fa"},
    {file = "numpy-2.2.6-cp313-cp313t-musllinux_1_2_aarch64.whl", hash = "sha256:389d771b1623ec92636b0786bc4ae56abafad4a4c513d36a55dce14bd9ce8571"},
    {file = "numpy-2.2.6-cp313-cp313t-musllinux_1_2_x86_64.whl", hash = "sha256:8e9ace4a37db23421249ed236fdcdd457d671e25146786dfc96835cd951aa7c1"},
    {file = "numpy-2.2.6-cp313-cp313t-win32.whl", hash = "sha256:038613e9fb8c72b0a41f025a7e4c3f0b7a1b5d768ece4796b674c8f3fe13efff"},
    {file = "numpy-2.2.6-cp313-cp313t-win_amd64.whl", hash = "sha256:6031dd6dfecc0cf9f668681a37648373bddd6421fff6c66ec1624eed0180ee06"},
    {file = "numpy-2.2.6-pp310-pypy310_pp73-macosx_10_15_x86_64.whl", hash = "sha256:0b605b275d7bd0c640cad4e5d30fa701a8d59302e127e5f79138ad62762c3e3d"},
    {file = "numpy-2.2.6-pp310-pypy310_pp73-macosx_14_0_x86_64.whl", hash = "sha256:7befc596a7dc9da8a337f79802ee8adb30a552a94f792b9c9d18c840055907db"},
    {file = "numpy-2.2.6-pp310-pypy310_pp73-manylinux_2_17_x86_64.manylinux2014_x86_64.whl", hash = "sha256:ce47521a4754c8f4593837384bd3424880629f718d87c5d44f8ed763edd63543"},
    {file = "numpy-2.2.6-pp310-pypy310_pp73-win_amd64.whl", hash = "sha256:d042d24c90c41b54fd506da306759e06e568864df8ec17ccc17e9e884634fd00"},
    {file = "numpy-2.2.6.tar.gz", hash = "sha256:e29554e2bef54a90aa5cc07da6ce955accb83f21ab5de01a62c8478897b264fd"},
]

[metadata]
lock-version = "2.1"
python-versions = ">=3.10,<3.13"
content-hash = "c54954dfc77c3cc7055a86663d71832adc6ef885e443fba433e7c34e8e0fe524"
